
Microsoft Visual Studio Solution File, Format Version 12.00
# Visual Studio Version 17
VisualStudioVersion = 17.8.34408.163
MinimumVisualStudioVersion = 10.0.40219.1
Project("{2150E333-8FDC-42A3-9474-1A3956D46DE8}") = "srs", "srs", "{9A9BF73D-714E-4014-B4E6-07B830227EE6}"
EndProject
Project("{2150E333-8FDC-42A3-9474-1A3956D46DE8}") = "API", "API", "{9EF75550-3049-48C1-9FE9-A3AFCCDA1FEE}"
EndProject
Project("{2150E333-8FDC-42A3-9474-1A3956D46DE8}") = "Core", "Core", "{3469415B-FD98-415E-B531-C9D238932E44}"
EndProject
Project("{2150E333-8FDC-42A3-9474-1A3956D46DE8}") = "Infrastructure", "Infrastructure", "{D5F6AE34-B534-4A52-AAC3-D3472AEB9AE9}"
EndProject
Project("{FAE04EC0-301F-11D3-BF4B-00C04F79EFBC}") = "Hms.Identity", "Hms.Identity\Hms.Identity.csproj", "{A3A07845-71C2-42EA-9869-881B7F69DE9B}"
EndProject
Project("{FAE04EC0-301F-11D3-BF4B-00C04F79EFBC}") = "Hms.Infrastructure", "Hms.Infrastructure\Hms.Infrastructure.csproj", "{3653F5F4-81DA-492F-AC5E-880ECAE78CB1}"
EndProject
Project("{FAE04EC0-301F-11D3-BF4B-00C04F79EFBC}") = "Hms.Persistence", "Hms.Persistence\Hms.Persistence.csproj", "{E07BADC6-3C1B-4E69-8295-A05C65C966A0}"
EndProject
Project("{FAE04EC0-301F-11D3-BF4B-00C04F79EFBC}") = "Hms.Application", "Hms.Application\Hms.Application.csproj", "{74608F6F-43E0-4537-B340-302A921ED502}"
EndProject
Project("{FAE04EC0-301F-11D3-BF4B-00C04F79EFBC}") = "Hms.Domain", "Hms.Domain\Hms.Domain.csproj", "{E9FDB6F3-08AD-471C-9396-C5A3BF03DD59}"
EndProject
Project("{FAE04EC0-301F-11D3-BF4B-00C04F79EFBC}") = "Hms.Shared", "Hms.Shared\Hms.Shared.csproj", "{809CF042-1810-4E73-98B5-4255A0C139A5}"
EndProject
Project("{FAE04EC0-301F-11D3-BF4B-00C04F79EFBC}") = "Hms.Api", "Hms.Api\Hms.Api.csproj", "{4D23FAC5-3BE6-47B7-89AD-8A83B5971A89}"
EndProject
Global
	GlobalSection(SolutionConfigurationPlatforms) = preSolution
		Debug|Any CPU = Debug|Any CPU
		Release|Any CPU = Release|Any CPU
	EndGlobalSection
	GlobalSection(ProjectConfigurationPlatforms) = postSolution
		{A3A07845-71C2-42EA-9869-881B7F69DE9B}.Debug|Any CPU.ActiveCfg = Debug|Any CPU
		{A3A07845-71C2-42EA-9869-881B7F69DE9B}.Debug|Any CPU.Build.0 = Debug|Any CPU
		{A3A07845-71C2-42EA-9869-881B7F69DE9B}.Release|Any CPU.ActiveCfg = Release|Any CPU
		{A3A07845-71C2-42EA-9869-881B7F69DE9B}.Release|Any CPU.Build.0 = Release|Any CPU
		{3653F5F4-81DA-492F-AC5E-880ECAE78CB1}.Debug|Any CPU.ActiveCfg = Debug|Any CPU
		{3653F5F4-81DA-492F-AC5E-880ECAE78CB1}.Debug|Any CPU.Build.0 = Debug|Any CPU
		{3653F5F4-81DA-492F-AC5E-880ECAE78CB1}.Release|Any CPU.ActiveCfg = Release|Any CPU
		{3653F5F4-81DA-492F-AC5E-880ECAE78CB1}.Release|Any CPU.Build.0 = Release|Any CPU
		{E07BADC6-3C1B-4E69-8295-A05C65C966A0}.Debug|Any CPU.ActiveCfg = Debug|Any CPU
		{E07BADC6-3C1B-4E69-8295-A05C65C966A0}.Debug|Any CPU.Build.0 = Debug|Any CPU
		{E07BADC6-3C1B-4E69-8295-A05C65C966A0}.Release|Any CPU.ActiveCfg = Release|Any CPU
		{E07BADC6-3C1B-4E69-8295-A05C65C966A0}.Release|Any CPU.Build.0 = Release|Any CPU
		{74608F6F-43E0-4537-B340-302A921ED502}.Debug|Any CPU.ActiveCfg = Debug|Any CPU
		{74608F6F-43E0-4537-B340-302A921ED502}.Debug|Any CPU.Build.0 = Debug|Any CPU
		{74608F6F-43E0-4537-B340-302A921ED502}.Release|Any CPU.ActiveCfg = Release|Any CPU
		{74608F6F-43E0-4537-B340-302A921ED502}.Release|Any CPU.Build.0 = Release|Any CPU
		{E9FDB6F3-08AD-471C-9396-C5A3BF03DD59}.Debug|Any CPU.ActiveCfg = Debug|Any CPU
		{E9FDB6F3-08AD-471C-9396-C5A3BF03DD59}.Debug|Any CPU.Build.0 = Debug|Any CPU
		{E9FDB6F3-08AD-471C-9396-C5A3BF03DD59}.Release|Any CPU.ActiveCfg = Release|Any CPU
		{E9FDB6F3-08AD-471C-9396-C5A3BF03DD59}.Release|Any CPU.Build.0 = Release|Any CPU
		{809CF042-1810-4E73-98B5-4255A0C139A5}.Debug|Any CPU.ActiveCfg = Debug|Any CPU
		{809CF042-1810-4E73-98B5-4255A0C139A5}.Debug|Any CPU.Build.0 = Debug|Any CPU
		{809CF042-1810-4E73-98B5-4255A0C139A5}.Release|Any CPU.ActiveCfg = Release|Any CPU
		{809CF042-1810-4E73-98B5-4255A0C139A5}.Release|Any CPU.Build.0 = Release|Any CPU
		{4D23FAC5-3BE6-47B7-89AD-8A83B5971A89}.Debug|Any CPU.ActiveCfg = Debug|Any CPU
		{4D23FAC5-3BE6-47B7-89AD-8A83B5971A89}.Debug|Any CPU.Build.0 = Debug|Any CPU
		{4D23FAC5-3BE6-47B7-89AD-8A83B5971A89}.Release|Any CPU.ActiveCfg = Release|Any CPU
		{4D23FAC5-3BE6-47B7-89AD-8A83B5971A89}.Release|Any CPU.Build.0 = Release|Any CPU
	EndGlobalSection
	GlobalSection(SolutionProperties) = preSolution
		HideSolutionNode = FALSE
	EndGlobalSection
	GlobalSection(NestedProjects) = preSolution
		{9EF75550-3049-48C1-9FE9-A3AFCCDA1FEE} = {9A9BF73D-714E-4014-B4E6-07B830227EE6}
		{3469415B-FD98-415E-B531-C9D238932E44} = {9A9BF73D-714E-4014-B4E6-07B830227EE6}
		{D5F6AE34-B534-4A52-AAC3-D3472AEB9AE9} = {9A9BF73D-714E-4014-B4E6-07B830227EE6}
		{A3A07845-71C2-42EA-9869-881B7F69DE9B} = {D5F6AE34-B534-4A52-AAC3-D3472AEB9AE9}
		{3653F5F4-81DA-492F-AC5E-880ECAE78CB1} = {D5F6AE34-B534-4A52-AAC3-D3472AEB9AE9}
		{E07BADC6-3C1B-4E69-8295-A05C65C966A0} = {D5F6AE34-B534-4A52-AAC3-D3472AEB9AE9}
		{74608F6F-43E0-4537-B340-302A921ED502} = {3469415B-FD98-415E-B531-C9D238932E44}
		{E9FDB6F3-08AD-471C-9396-C5A3BF03DD59} = {3469415B-FD98-415E-B531-C9D238932E44}
		{809CF042-1810-4E73-98B5-4255A0C139A5} = {3469415B-FD98-415E-B531-C9D238932E44}
		{4D23FAC5-3BE6-47B7-89AD-8A83B5971A89} = {9EF75550-3049-48C1-9FE9-A3AFCCDA1FEE}
	EndGlobalSection
	GlobalSection(ExtensibilityGlobals) = postSolution
		SolutionGuid = {A77C29BC-71A7-4FA3-820B-4D46BAFD0368}
	EndGlobalSection
EndGlobal
